
Microsoft Visual Studio Solution File, Format Version 12.00
# Visual Studio 15
VisualStudioVersion = 15.0.26124.0
MinimumVisualStudioVersion = 15.0.26124.0
Project("{2150E333-8FDC-42A3-9474-1A3956D46DE8}") = "src", "src", "{A9AE8FDA-117F-4940-9363-BFC0957A8486}"
EndProject
Project("{2150E333-8FDC-42A3-9474-1A3956D46DE8}") = "DAL", "DAL", "{81D67AD3-5493-48D3-B5C9-EAF604219E1B}"
EndProject
Project("{FAE04EC0-301F-11D3-BF4B-00C04F79EFBC}") = "Fawn.DAL.Models", "src\DAL\Fawn.DAL.Models\Fawn.DAL.Models.csproj", "{CD183800-4F07-4C5F-817B-6201E8A61D2C}"
EndProject
Project("{FAE04EC0-301F-11D3-BF4B-00C04F79EFBC}") = "Fawn.DAL.Abstract", "src\DAL\Fawn.DAL.Abstract\Fawn.DAL.Abstract.csproj", "{3FD49E52-8DCD-4D2A-99D1-56D989D23C17}"
EndProject
Project("{FAE04EC0-301F-11D3-BF4B-00C04F79EFBC}") = "Fawn.DAL.EFCore", "src\DAL\Fawn.DAL.EFCore\Fawn.DAL.EFCore.csproj", "{6F14B772-99D5-4A63-8523-56056DB9F374}"
EndProject
Project("{2150E333-8FDC-42A3-9474-1A3956D46DE8}") = "Services", "Services", "{1B1AB0C7-EB88-4097-9FFD-43E4B005D509}"
EndProject
Project("{FAE04EC0-301F-11D3-BF4B-00C04F79EFBC}") = "Fawn.WebAPI", "src\Services\Fawn.WebAPI\Fawn.WebAPI.csproj", "{875FC7B8-03F8-480E-B19A-FAA98CCD0D12}"
EndProject
Project("{FAE04EC0-301F-11D3-BF4B-00C04F79EFBC}") = "Fawn.WebAPI.Features", "src\Services\Fawn.WebAPI.Features\Fawn.WebAPI.Features.csproj", "{37EE5FA6-04E6-4A42-870C-911B291DD3FC}"
EndProject
Project("{FAE04EC0-301F-11D3-BF4B-00C04F79EFBC}") = "Fawn.WebAPI.Models", "src\Services\Fawn.WebAPI.Models\Fawn.WebAPI.Models.csproj", "{4BF0F2DF-7420-433D-AC61-41265722EEB1}"
EndProject
Project("{FAE04EC0-301F-11D3-BF4B-00C04F79EFBC}") = "Fawn.WebAPI.Infrastructure", "src\Services\Fawn.WebAPI.Infrastructure\Fawn.WebAPI.Infrastructure.csproj", "{1A33E6D5-5F06-419C-ABA5-0C0182259EF4}"
EndProject
Global
	GlobalSection(SolutionConfigurationPlatforms) = preSolution
		Debug|x64 = Debug|x64
		Release|x64 = Release|x64
		Debug|Any CPU = Debug|Any CPU
		Debug|x86 = Debug|x86
		Release|Any CPU = Release|Any CPU
		Release|x86 = Release|x86
	EndGlobalSection
	GlobalSection(SolutionProperties) = preSolution
		HideSolutionNode = FALSE
	EndGlobalSection
	GlobalSection(ProjectConfigurationPlatforms) = postSolution
		{CD183800-4F07-4C5F-817B-6201E8A61D2C}.Debug|Any CPU.ActiveCfg = Debug|Any CPU
		{CD183800-4F07-4C5F-817B-6201E8A61D2C}.Debug|Any CPU.Build.0 = Debug|Any CPU
		{CD183800-4F07-4C5F-817B-6201E8A61D2C}.Debug|x64.ActiveCfg = Debug|x64
		{CD183800-4F07-4C5F-817B-6201E8A61D2C}.Debug|x64.Build.0 = Debug|x64
		{CD183800-4F07-4C5F-817B-6201E8A61D2C}.Debug|x86.ActiveCfg = Debug|x86
		{CD183800-4F07-4C5F-817B-6201E8A61D2C}.Debug|x86.Build.0 = Debug|x86
		{CD183800-4F07-4C5F-817B-6201E8A61D2C}.Release|Any CPU.ActiveCfg = Release|Any CPU
		{CD183800-4F07-4C5F-817B-6201E8A61D2C}.Release|Any CPU.Build.0 = Release|Any CPU
		{CD183800-4F07-4C5F-817B-6201E8A61D2C}.Release|x64.ActiveCfg = Release|x64
		{CD183800-4F07-4C5F-817B-6201E8A61D2C}.Release|x64.Build.0 = Release|x64
		{CD183800-4F07-4C5F-817B-6201E8A61D2C}.Release|x86.ActiveCfg = Release|x86
		{CD183800-4F07-4C5F-817B-6201E8A61D2C}.Release|x86.Build.0 = Release|x86
		{3FD49E52-8DCD-4D2A-99D1-56D989D23C17}.Debug|Any CPU.ActiveCfg = Debug|Any CPU
		{3FD49E52-8DCD-4D2A-99D1-56D989D23C17}.Debug|Any CPU.Build.0 = Debug|Any CPU
		{3FD49E52-8DCD-4D2A-99D1-56D989D23C17}.Debug|x64.ActiveCfg = Debug|x64
		{3FD49E52-8DCD-4D2A-99D1-56D989D23C17}.Debug|x64.Build.0 = Debug|x64
		{3FD49E52-8DCD-4D2A-99D1-56D989D23C17}.Debug|x86.ActiveCfg = Debug|x86
		{3FD49E52-8DCD-4D2A-99D1-56D989D23C17}.Debug|x86.Build.0 = Debug|x86
		{3FD49E52-8DCD-4D2A-99D1-56D989D23C17}.Release|Any CPU.ActiveCfg = Release|Any CPU
		{3FD49E52-8DCD-4D2A-99D1-56D989D23C17}.Release|Any CPU.Build.0 = Release|Any CPU
		{3FD49E52-8DCD-4D2A-99D1-56D989D23C17}.Release|x64.ActiveCfg = Release|x64
		{3FD49E52-8DCD-4D2A-99D1-56D989D23C17}.Release|x64.Build.0 = Release|x64
		{3FD49E52-8DCD-4D2A-99D1-56D989D23C17}.Release|x86.ActiveCfg = Release|x86
		{3FD49E52-8DCD-4D2A-99D1-56D989D23C17}.Release|x86.Build.0 = Release|x86
		{6F14B772-99D5-4A63-8523-56056DB9F374}.Debug|Any CPU.ActiveCfg = Debug|Any CPU
		{6F14B772-99D5-4A63-8523-56056DB9F374}.Debug|Any CPU.Build.0 = Debug|Any CPU
		{6F14B772-99D5-4A63-8523-56056DB9F374}.Debug|x64.ActiveCfg = Debug|x64
		{6F14B772-99D5-4A63-8523-56056DB9F374}.Debug|x64.Build.0 = Debug|x64
		{6F14B772-99D5-4A63-8523-56056DB9F374}.Debug|x86.ActiveCfg = Debug|x86
		{6F14B772-99D5-4A63-8523-56056DB9F374}.Debug|x86.Build.0 = Debug|x86
		{6F14B772-99D5-4A63-8523-56056DB9F374}.Release|Any CPU.ActiveCfg = Release|Any CPU
		{6F14B772-99D5-4A63-8523-56056DB9F374}.Release|Any CPU.Build.0 = Release|Any CPU
		{6F14B772-99D5-4A63-8523-56056DB9F374}.Release|x64.ActiveCfg = Release|x64
		{6F14B772-99D5-4A63-8523-56056DB9F374}.Release|x64.Build.0 = Release|x64
		{6F14B772-99D5-4A63-8523-56056DB9F374}.Release|x86.ActiveCfg = Release|x86
		{6F14B772-99D5-4A63-8523-56056DB9F374}.Release|x86.Build.0 = Release|x86
		{875FC7B8-03F8-480E-B19A-FAA98CCD0D12}.Debug|x64.ActiveCfg = Debug|Any CPU
		{875FC7B8-03F8-480E-B19A-FAA98CCD0D12}.Debug|x64.Build.0 = Debug|Any CPU
		{875FC7B8-03F8-480E-B19A-FAA98CCD0D12}.Release|x64.ActiveCfg = Release|Any CPU
		{875FC7B8-03F8-480E-B19A-FAA98CCD0D12}.Release|x64.Build.0 = Release|Any CPU
		{875FC7B8-03F8-480E-B19A-FAA98CCD0D12}.Debug|Any CPU.ActiveCfg = Debug|Any CPU
		{875FC7B8-03F8-480E-B19A-FAA98CCD0D12}.Debug|Any CPU.Build.0 = Debug|Any CPU
		{875FC7B8-03F8-480E-B19A-FAA98CCD0D12}.Debug|x86.ActiveCfg = Debug|Any CPU
		{875FC7B8-03F8-480E-B19A-FAA98CCD0D12}.Debug|x86.Build.0 = Debug|Any CPU
		{875FC7B8-03F8-480E-B19A-FAA98CCD0D12}.Release|Any CPU.ActiveCfg = Release|Any CPU
		{875FC7B8-03F8-480E-B19A-FAA98CCD0D12}.Release|Any CPU.Build.0 = Release|Any CPU
		{875FC7B8-03F8-480E-B19A-FAA98CCD0D12}.Release|x86.ActiveCfg = Release|Any CPU
		{875FC7B8-03F8-480E-B19A-FAA98CCD0D12}.Release|x86.Build.0 = Release|Any CPU
		{37EE5FA6-04E6-4A42-870C-911B291DD3FC}.Debug|x64.ActiveCfg = Debug|Any CPU
		{37EE5FA6-04E6-4A42-870C-911B291DD3FC}.Debug|x64.Build.0 = Debug|Any CPU
		{37EE5FA6-04E6-4A42-870C-911B291DD3FC}.Release|x64.ActiveCfg = Release|Any CPU
		{37EE5FA6-04E6-4A42-870C-911B291DD3FC}.Release|x64.Build.0 = Release|Any CPU
		{37EE5FA6-04E6-4A42-870C-911B291DD3FC}.Debug|Any CPU.ActiveCfg = Debug|Any CPU
		{37EE5FA6-04E6-4A42-870C-911B291DD3FC}.Debug|Any CPU.Build.0 = Debug|Any CPU
		{37EE5FA6-04E6-4A42-870C-911B291DD3FC}.Debug|x86.ActiveCfg = Debug|Any CPU
		{37EE5FA6-04E6-4A42-870C-911B291DD3FC}.Debug|x86.Build.0 = Debug|Any CPU
		{37EE5FA6-04E6-4A42-870C-911B291DD3FC}.Release|Any CPU.ActiveCfg = Release|Any CPU
		{37EE5FA6-04E6-4A42-870C-911B291DD3FC}.Release|Any CPU.Build.0 = Release|Any CPU
		{37EE5FA6-04E6-4A42-870C-911B291DD3FC}.Release|x86.ActiveCfg = Release|Any CPU
		{37EE5FA6-04E6-4A42-870C-911B291DD3FC}.Release|x86.Build.0 = Release|Any CPU
		{4BF0F2DF-7420-433D-AC61-41265722EEB1}.Debug|x64.ActiveCfg = Debug|Any CPU
		{4BF0F2DF-7420-433D-AC61-41265722EEB1}.Debug|x64.Build.0 = Debug|Any CPU
		{4BF0F2DF-7420-433D-AC61-41265722EEB1}.Release|x64.ActiveCfg = Release|Any CPU
		{4BF0F2DF-7420-433D-AC61-41265722EEB1}.Release|x64.Build.0 = Release|Any CPU
		{4BF0F2DF-7420-433D-AC61-41265722EEB1}.Debug|Any CPU.ActiveCfg = Debug|Any CPU
		{4BF0F2DF-7420-433D-AC61-41265722EEB1}.Debug|Any CPU.Build.0 = Debug|Any CPU
		{4BF0F2DF-7420-433D-AC61-41265722EEB1}.Debug|x86.ActiveCfg = Debug|Any CPU
		{4BF0F2DF-7420-433D-AC61-41265722EEB1}.Debug|x86.Build.0 = Debug|Any CPU
		{4BF0F2DF-7420-433D-AC61-41265722EEB1}.Release|Any CPU.ActiveCfg = Release|Any CPU
		{4BF0F2DF-7420-433D-AC61-41265722EEB1}.Release|Any CPU.Build.0 = Release|Any CPU
		{4BF0F2DF-7420-433D-AC61-41265722EEB1}.Release|x86.ActiveCfg = Release|Any CPU
		{4BF0F2DF-7420-433D-AC61-41265722EEB1}.Release|x86.Build.0 = Release|Any CPU
		{1A33E6D5-5F06-419C-ABA5-0C0182259EF4}.Debug|x64.ActiveCfg = Debug|Any CPU
		{1A33E6D5-5F06-419C-ABA5-0C0182259EF4}.Debug|x64.Build.0 = Debug|Any CPU
		{1A33E6D5-5F06-419C-ABA5-0C0182259EF4}.Release|x64.ActiveCfg = Release|Any CPU
		{1A33E6D5-5F06-419C-ABA5-0C0182259EF4}.Release|x64.Build.0 = Release|Any CPU
		{1A33E6D5-5F06-419C-ABA5-0C0182259EF4}.Debug|Any CPU.ActiveCfg = Debug|Any CPU
		{1A33E6D5-5F06-419C-ABA5-0C0182259EF4}.Debug|Any CPU.Build.0 = Debug|Any CPU
		{1A33E6D5-5F06-419C-ABA5-0C0182259EF4}.Debug|x86.ActiveCfg = Debug|Any CPU
		{1A33E6D5-5F06-419C-ABA5-0C0182259EF4}.Debug|x86.Build.0 = Debug|Any CPU
		{1A33E6D5-5F06-419C-ABA5-0C0182259EF4}.Release|Any CPU.ActiveCfg = Release|Any CPU
		{1A33E6D5-5F06-419C-ABA5-0C0182259EF4}.Release|Any CPU.Build.0 = Release|Any CPU
		{1A33E6D5-5F06-419C-ABA5-0C0182259EF4}.Release|x86.ActiveCfg = Release|Any CPU
		{1A33E6D5-5F06-419C-ABA5-0C0182259EF4}.Release|x86.Build.0 = Release|Any CPU
	EndGlobalSection
	GlobalSection(NestedProjects) = preSolution
		{81D67AD3-5493-48D3-B5C9-EAF604219E1B} = {A9AE8FDA-117F-4940-9363-BFC0957A8486}
		{CD183800-4F07-4C5F-817B-6201E8A61D2C} = {81D67AD3-5493-48D3-B5C9-EAF604219E1B}
		{3FD49E52-8DCD-4D2A-99D1-56D989D23C17} = {81D67AD3-5493-48D3-B5C9-EAF604219E1B}
		{6F14B772-99D5-4A63-8523-56056DB9F374} = {81D67AD3-5493-48D3-B5C9-EAF604219E1B}
		{1B1AB0C7-EB88-4097-9FFD-43E4B005D509} = {A9AE8FDA-117F-4940-9363-BFC0957A8486}
		{875FC7B8-03F8-480E-B19A-FAA98CCD0D12} = {1B1AB0C7-EB88-4097-9FFD-43E4B005D509}
		{37EE5FA6-04E6-4A42-870C-911B291DD3FC} = {1B1AB0C7-EB88-4097-9FFD-43E4B005D509}
		{4BF0F2DF-7420-433D-AC61-41265722EEB1} = {1B1AB0C7-EB88-4097-9FFD-43E4B005D509}
		{1A33E6D5-5F06-419C-ABA5-0C0182259EF4} = {1B1AB0C7-EB88-4097-9FFD-43E4B005D509}
	EndGlobalSection
EndGlobal
